github.com/Tangerg/scope/core v0.36.0 h1:hM80eeSobM26ohqQiWSGWG13nMeYeehEo7X03lVVzxY=
github.com/Tangerg/scope/core v0.36.0/go.mod h1:be3NHjHqR4gB5y2LahLIKKto6ASbEE6IanWwUkVoiYU=
github.com/aws/aws-sdk-go-v2 v1.47.0 h1:0jsHallhJCeaU0Ko48c/3FK1ctOQ7NpzggxriJOQ8MQ=
github.com/aws/aws-sdk-go-v2 v1.47.0/go.mod h1:bttEH6JqnUL8LepvDVfdrds/fZ5bCIxzpe3abyUrhDU=
github.com/aws/aws-sdk-go-v2/internal/configsources v1.5.3 h1:Hp/VgjP0BysR3OgLlR057Vz2LcbbVnoWeJ+3qWiS/fY=
github.com/aws/aws-sdk-go-v2/internal/configsources v1.5.3/go.mod h1:nwGV5qw7F1IZPgxCvA/ph8N2TAuz+BkRG/bXn808qMA=
github.com/aws/aws-sdk-go-v2/internal/endpoints/v2 v2.8.3 h1:MUaM4f+kj1ZIBPZfUS8cxP1GKXXZtHJjAthy93AN7SM=
github.com/aws/aws-sdk-go-v2/internal/endpoints/v2 v2.8.3/go.mod h1:6YmVmEVRI5ZZzRjCSsb9SryKH0hAlMRdgA7kG9aDvBU=
github.com/aws/aws-sdk-go-v2/service/s3vectors v1.15.0 h1:lJelxQZT4mSi/Id4HnUm6LbeCtTSYz7y790XyfIzmwY=
github.com/aws/aws-sdk-go-v2/service/s3vectors v1.15.0/go.mod h1:NMsXU9j8NC/Ub/nqrhv1ErvrHUlPCpczb6BSs0LDJl8=
github.com/aws/smithy-go v1.28.2 h1:myhcykQcatTul2B/zITjDk203G7t0awUAs1hVry5Bvg=
github.com/aws/smithy-go v1.28.2/go.mod h1:YE2RhdIuDbA5E5bTdciG9KrW3+TiEONeUWCqxX9i1Fc=
github.com/samber/lo v1.53.0 h1:t975lj2py4kJPQ6haz1QMgtId2gtmfktACxIXArw3HM=
github.com/samber/lo v1.53.0/go.mod h1:4+MXEGsJzbKGaUEQFKBq2xtfuznW9oz/WrgyzMzRoM0=
golang.org/x/text v0.42.0 h1:JbOZXgfeCPU9gacVtYliJqOhD+zhrEqK4LfdpmlUZqI=
golang.org/x/text v0.42.0/go.mod h1:ojzP1Z+2QtioaF8DTtO8K5q7JWVVYwZKenzujK0Zd0E=
